
Microsoft Visual Studio Solution File, Format Version 12.00
# Visual Studio Version 17
VisualStudioVersion = 17.4.33110.190
MinimumVisualStudioVersion = 10.0.40219.1
Project("{FAE04EC0-301F-11D3-BF4B-00C04F79EFBC}") = "Fisher", "Fisher.csproj", "{9900199D-4F7C-42AE-9A53-847972B5F33B}"
EndProject
Global
	GlobalSection(SolutionConfigurationPlatforms) = preSolution
		Debug|Any CPU = Debug|Any CPU
		Release|Any CPU = Release|Any CPU
	EndGlobalSection
	GlobalSection(ProjectConfigurationPlatforms) = postSolution
		{9900199D-4F7C-42AE-9A53-847972B5F33B}.Debug|Any CPU.ActiveCfg = Debug|Any CPU
		{9900199D-4F7C-42AE-9A53-847972B5F33B}.Debug|Any CPU.Build.0 = Debug|Any CPU
		{9900199D-4F7C-42AE-9A53-847972B5F33B}.Release|Any CPU.ActiveCfg = Release|Any CPU
		{9900199D-4F7C-42AE-9A53-847972B5F33B}.Release|Any CPU.Build.0 = Release|Any CPU
	EndGlobalSection
	GlobalSection(SolutionProperties) = preSolution
		HideSolutionNode = FALSE
	EndGlobalSection
	GlobalSection(ExtensibilityGlobals) = postSolution
		SolutionGuid = {085B9A27-6AAF-4F2B-BCE2-63EF3740C843}
	EndGlobalSection
EndGlobal
